
Microsoft Visual Studio Solution File, Format Version 12.00
# Visual Studio Version 17
VisualStudioVersion = 17.9.34723.18
MinimumVisualStudioVersion = 10.0.40219.1
Project("{FAE04EC0-301F-11D3-BF4B-00C04F79EFBC}") = "Presentacion", "Presentacion\Presentacion.csproj", "{F7BF48AD-C64C-43A2-A96C-7778E7A19AC9}"
EndProject
Project("{FAE04EC0-301F-11D3-BF4B-00C04F79EFBC}") = "Entidad", "Entidad\Entidad.csproj", "{891BB10E-C262-47AB-A923-7E6AA192DF3E}"
EndProject
Project("{FAE04EC0-301F-11D3-BF4B-00C04F79EFBC}") = "Datos", "Datos\Datos.csproj", "{C53D0739-9AA6-4272-90B4-C3B667782B4B}"
EndProject
Project("{FAE04EC0-301F-11D3-BF4B-00C04F79EFBC}") = "Negocios", "Negocios\Negocios.csproj", "{64198BBA-1AEE-49F1-BAB3-F6916043216F}"
EndProject
Project("{FAE04EC0-301F-11D3-BF4B-00C04F79EFBC}") = "Test", "Test\Test.csproj", "{6044F303-A697-4556-AA60-33C38D893FCA}"
EndProject
Global
	GlobalSection(SolutionConfigurationPlatforms) = preSolution
		Debug|Any CPU = Debug|Any CPU
		Release|Any CPU = Release|Any CPU
	EndGlobalSection
	GlobalSection(ProjectConfigurationPlatforms) = postSolution
		{F7BF48AD-C64C-43A2-A96C-7778E7A19AC9}.Debug|Any CPU.ActiveCfg = Debug|Any CPU
		{F7BF48AD-C64C-43A2-A96C-7778E7A19AC9}.Debug|Any CPU.Build.0 = Debug|Any CPU
		{F7BF48AD-C64C-43A2-A96C-7778E7A19AC9}.Release|Any CPU.ActiveCfg = Release|Any CPU
		{F7BF48AD-C64C-43A2-A96C-7778E7A19AC9}.Release|Any CPU.Build.0 = Release|Any CPU
		{891BB10E-C262-47AB-A923-7E6AA192DF3E}.Debug|Any CPU.ActiveCfg = Debug|Any CPU
		{891BB10E-C262-47AB-A923-7E6AA192DF3E}.Debug|Any CPU.Build.0 = Debug|Any CPU
		{891BB10E-C262-47AB-A923-7E6AA192DF3E}.Release|Any CPU.ActiveCfg = Release|Any CPU
		{891BB10E-C262-47AB-A923-7E6AA192DF3E}.Release|Any CPU.Build.0 = Release|Any CPU
		{C53D0739-9AA6-4272-90B4-C3B667782B4B}.Debug|Any CPU.ActiveCfg = Debug|Any CPU
		{C53D0739-9AA6-4272-90B4-C3B667782B4B}.Debug|Any CPU.Build.0 = Debug|Any CPU
		{C53D0739-9AA6-4272-90B4-C3B667782B4B}.Release|Any CPU.ActiveCfg = Release|Any CPU
		{C53D0739-9AA6-4272-90B4-C3B667782B4B}.Release|Any CPU.Build.0 = Release|Any CPU
		{64198BBA-1AEE-49F1-BAB3-F6916043216F}.Debug|Any CPU.ActiveCfg = Debug|Any CPU
		{64198BBA-1AEE-49F1-BAB3-F6916043216F}.Debug|Any CPU.Build.0 = Debug|Any CPU
		{64198BBA-1AEE-49F1-BAB3-F6916043216F}.Release|Any CPU.ActiveCfg = Release|Any CPU
		{64198BBA-1AEE-49F1-BAB3-F6916043216F}.Release|Any CPU.Build.0 = Release|Any CPU
		{6044F303-A697-4556-AA60-33C38D893FCA}.Debug|Any CPU.ActiveCfg = Debug|Any CPU
		{6044F303-A697-4556-AA60-33C38D893FCA}.Debug|Any CPU.Build.0 = Debug|Any CPU
		{6044F303-A697-4556-AA60-33C38D893FCA}.Release|Any CPU.ActiveCfg = Release|Any CPU
		{6044F303-A697-4556-AA60-33C38D893FCA}.Release|Any CPU.Build.0 = Release|Any CPU
	EndGlobalSection
	GlobalSection(SolutionProperties) = preSolution
		HideSolutionNode = FALSE
	EndGlobalSection
	GlobalSection(ExtensibilityGlobals) = postSolution
		SolutionGuid = {05CE0EDF-7B92-41F9-8432-A3413BF6B7C6}
	EndGlobalSection
EndGlobal
